
Microsoft Visual Studio Solution File, Format Version 12.00
# Visual Studio 15
VisualStudioVersion = 15.0.28307.1062
MinimumVisualStudioVersion = 10.0.40219.1
Project("{2150E333-8FDC-42A3-9474-1A3956D46DE8}") = "src", "src", "{3F01CD45-1A93-469A-BC7E-77BB528B5B78}"
EndProject
Project("{2150E333-8FDC-42A3-9474-1A3956D46DE8}") = "test", "test", "{11390D1D-84BB-41F0-8B4B-E5D1C9E3E18B}"
EndProject
Project("{9A19103F-16F7-4668-BE54-9A1E7A4F7556}") = "CT.Common", "src\CT.Common\CT.Common.csproj", "{5379E74B-7102-4DAF-85F5-BA0C51BD4D3D}"
EndProject
Project("{9A19103F-16F7-4668-BE54-9A1E7A4F7556}") = "CT.Service", "src\CT.Service\CT.Service.csproj", "{D8A1996D-C9EE-43E5-A3DA-6C286DFF5FD9}"
EndProject
Project("{9A19103F-16F7-4668-BE54-9A1E7A4F7556}") = "CT.Api", "src\CT.Api\CT.Api.csproj", "{35B072D7-F875-4CD8-B68F-7A8D258EBB98}"
EndProject
Project("{9A19103F-16F7-4668-BE54-9A1E7A4F7556}") = "CT.Unit.Test", "test\CT.Unit.Test\CT.Unit.Test.csproj", "{C873F671-F5B3-4CD4-A2BA-39B76909D9C6}"
EndProject
Project("{FAE04EC0-301F-11D3-BF4B-00C04F79EFBC}") = "CT.Integration.Test", "test\CT.Integration.Test\CT.Integration.Test.csproj", "{30C73AB1-868B-419F-B3AC-3C69437CCE43}"
EndProject
Global
	GlobalSection(SolutionConfigurationPlatforms) = preSolution
		Debug|Any CPU = Debug|Any CPU
		Release|Any CPU = Release|Any CPU
	EndGlobalSection
	GlobalSection(ProjectConfigurationPlatforms) = postSolution
		{5379E74B-7102-4DAF-85F5-BA0C51BD4D3D}.Debug|Any CPU.ActiveCfg = Debug|Any CPU
		{5379E74B-7102-4DAF-85F5-BA0C51BD4D3D}.Debug|Any CPU.Build.0 = Debug|Any CPU
		{5379E74B-7102-4DAF-85F5-BA0C51BD4D3D}.Release|Any CPU.ActiveCfg = Release|Any CPU
		{5379E74B-7102-4DAF-85F5-BA0C51BD4D3D}.Release|Any CPU.Build.0 = Release|Any CPU
		{D8A1996D-C9EE-43E5-A3DA-6C286DFF5FD9}.Debug|Any CPU.ActiveCfg = Debug|Any CPU
		{D8A1996D-C9EE-43E5-A3DA-6C286DFF5FD9}.Debug|Any CPU.Build.0 = Debug|Any CPU
		{D8A1996D-C9EE-43E5-A3DA-6C286DFF5FD9}.Release|Any CPU.ActiveCfg = Release|Any CPU
		{D8A1996D-C9EE-43E5-A3DA-6C286DFF5FD9}.Release|Any CPU.Build.0 = Release|Any CPU
		{35B072D7-F875-4CD8-B68F-7A8D258EBB98}.Debug|Any CPU.ActiveCfg = Debug|Any CPU
		{35B072D7-F875-4CD8-B68F-7A8D258EBB98}.Debug|Any CPU.Build.0 = Debug|Any CPU
		{35B072D7-F875-4CD8-B68F-7A8D258EBB98}.Release|Any CPU.ActiveCfg = Release|Any CPU
		{35B072D7-F875-4CD8-B68F-7A8D258EBB98}.Release|Any CPU.Build.0 = Release|Any CPU
		{C873F671-F5B3-4CD4-A2BA-39B76909D9C6}.Debug|Any CPU.ActiveCfg = Debug|Any CPU
		{C873F671-F5B3-4CD4-A2BA-39B76909D9C6}.Debug|Any CPU.Build.0 = Debug|Any CPU
		{C873F671-F5B3-4CD4-A2BA-39B76909D9C6}.Release|Any CPU.ActiveCfg = Release|Any CPU
		{C873F671-F5B3-4CD4-A2BA-39B76909D9C6}.Release|Any CPU.Build.0 = Release|Any CPU
		{30C73AB1-868B-419F-B3AC-3C69437CCE43}.Debug|Any CPU.ActiveCfg = Debug|Any CPU
		{30C73AB1-868B-419F-B3AC-3C69437CCE43}.Debug|Any CPU.Build.0 = Debug|Any CPU
		{30C73AB1-868B-419F-B3AC-3C69437CCE43}.Release|Any CPU.ActiveCfg = Release|Any CPU
		{30C73AB1-868B-419F-B3AC-3C69437CCE43}.Release|Any CPU.Build.0 = Release|Any CPU
	EndGlobalSection
	GlobalSection(SolutionProperties) = preSolution
		HideSolutionNode = FALSE
	EndGlobalSection
	GlobalSection(NestedProjects) = preSolution
		{5379E74B-7102-4DAF-85F5-BA0C51BD4D3D} = {3F01CD45-1A93-469A-BC7E-77BB528B5B78}
		{D8A1996D-C9EE-43E5-A3DA-6C286DFF5FD9} = {3F01CD45-1A93-469A-BC7E-77BB528B5B78}
		{35B072D7-F875-4CD8-B68F-7A8D258EBB98} = {3F01CD45-1A93-469A-BC7E-77BB528B5B78}
		{C873F671-F5B3-4CD4-A2BA-39B76909D9C6} = {11390D1D-84BB-41F0-8B4B-E5D1C9E3E18B}
		{30C73AB1-868B-419F-B3AC-3C69437CCE43} = {11390D1D-84BB-41F0-8B4B-E5D1C9E3E18B}
	EndGlobalSection
	GlobalSection(ExtensibilityGlobals) = postSolution
		SolutionGuid = {83BE496A-D0AE-4E65-BB4D-312AF5AF0CAA}
	EndGlobalSection
EndGlobal
